
Microsoft Visual Studio Solution File, Format Version 12.00
# Visual Studio Version 16
VisualStudioVersion = 16.0.30503.244
MinimumVisualStudioVersion = 10.0.40219.1
Project("{FAE04EC0-301F-11D3-BF4B-00C04F79EFBC}") = "StreetMaker", "StreetMaker\StreetMaker.csproj", "{38123E4C-4D39-4876-B56D-56583A132EF6}"
EndProject
Global
	GlobalSection(SolutionConfigurationPlatforms) = preSolution
		Debug|Any CPU = Debug|Any CPU
		Release|Any CPU = Release|Any CPU
	EndGlobalSection
	GlobalSection(ProjectConfigurationPlatforms) = postSolution
		{38123E4C-4D39-4876-B56D-56583A132EF6}.Debug|Any CPU.ActiveCfg = Debug|Any CPU
		{38123E4C-4D39-4876-B56D-56583A132EF6}.Debug|Any CPU.Build.0 = Debug|Any CPU
		{38123E4C-4D39-4876-B56D-56583A132EF6}.Release|Any CPU.ActiveCfg = Release|Any CPU
		{38123E4C-4D39-4876-B56D-56583A132EF6}.Release|Any CPU.Build.0 = Release|Any CPU
	EndGlobalSection
	GlobalSection(SolutionProperties) = preSolution
		HideSolutionNode = FALSE
	EndGlobalSection
	GlobalSection(ExtensibilityGlobals) = postSolution
		SolutionGuid = {C99BE41E-FB23-4ABF-9AF0-AF613F0E23DF}
	EndGlobalSection
EndGlobal
